// !$*UTF8*$!
{
	archiveVersion = 1;
	classes = {
	};
	objectVersion = 46;
	objects = {

/* Begin PBXBuildFile section */
		C31E2E1A1C21E5DC0043D593 /* main.m in Sources */ = {isa = PBXBuildFile; fileRef = C31E2E191C21E5DC0043D593 /* main.m */; };
		C31E2E1D1C21E5DC0043D593 /* AppDelegate.m in Sources */ = {isa = PBXBuildFile; fileRef = C31E2E1C1C21E5DC0043D593 /* AppDelegate.m */; };
		C31E2E201C21E5DC0043D593 /* ViewController.m in Sources */ = {isa = PBXBuildFile; fileRef = C31E2E1F1C21E5DC0043D593 /* ViewController.m */; };
		C31E2E231C21E5DC0043D593 /* Main.storyboard in Resources */ = {isa = PBXBuildFile; fileRef = C31E2E211C21E5DC0043D593 /* Main.storyboard */; };
		C31E2E251C21E5DC0043D593 /* Assets.xcassets in Resources */ = {isa = PBXBuildFile; fileRef = C31E2E241C21E5DC0043D593 /* Assets.xcassets */; };
		C31E2E281C21E5DC0043D593 /* LaunchScreen.storyboard in Resources */ = {isa = PBXBuildFile; fileRef = C31E2E261C21E5DC0043D593 /* LaunchScreen.storyboard */; };
		C31E2E311C21E7020043D593 /* CERangeSlider.m in Sources */ = {isa = PBXBuildFile; fileRef = C31E2E301C21E7020043D593 /* CERangeSlider.m */; };
		C31E2E331C21ECAB0043D593 /* QuartzCore.framework in Frameworks */ = {isa = PBXBuildFile; fileRef = C31E2E321C21ECAB0043D593 /* QuartzCore.framework */; };
		C31E2E361C21F2AA0043D593 /* CERangeSliderKnobLayer.m in Sources */ = {isa = PBXBuildFile; fileRef = C31E2E351C21F2AA0043D593 /* CERangeSliderKnobLayer.m */; };
		C31E2E5F1C2201280043D593 /* CERangeSliderTrackLayer.m in Sources */ = {isa = PBXBuildFile; fileRef = C31E2E5E1C2201280043D593 /* CERangeSliderTrackLayer.m */; };
		C31E2E6A1C2272FC0043D593 /* UIKit.framework in Frameworks */ = {isa = PBXBuildFile; fileRef = C31E2E691C2272FC0043D593 /* UIKit.framework */; };
		C31E2E6D1C2273720043D593 /* TextFieldEffects.m in Sources */ = {isa = PBXBuildFile; fileRef = C31E2E6C1C2273720043D593 /* TextFieldEffects.m */; };
		C31E2E731C22B0130043D593 /* JiraTextField.m in Sources */ = {isa = PBXBuildFile; fileRef = C31E2E721C22B0130043D593 /* JiraTextField.m */; };
		C370539C1C2417C70004ECCC /* YoshikoTextField.m in Sources */ = {isa = PBXBuildFile; fileRef = C370539B1C2417C70004ECCC /* YoshikoTextField.m */; };
/* End PBXBuildFile section */

/* Begin PBXFileReference section */
		C31E2E151C21E5DC0043D593 /* CERangeSlider.app */ = {isa = PBXFileReference; explicitFileType = wrapper.application; includeInIndex = 0; path = CERangeSlider.app; sourceTree = BUILT_PRODUCTS_DIR; };
		C31E2E191C21E5DC0043D593 /* main.m */ = {isa = PBXFileReference; lastKnownFileType = sourcecode.c.objc; path = main.m; sourceTree = "<group>"; };
		C31E2E1B1C21E5DC0043D593 /* AppDelegate.h */ = {isa = PBXFileReference; lastKnownFileType = sourcecode.c.h; path = AppDelegate.h; sourceTree = "<group>"; };
		C31E2E1C1C21E5DC0043D593 /* AppDelegate.m */ = {isa = PBXFileReference; lastKnownFileType = sourcecode.c.objc; path = AppDelegate.m; sourceTree = "<group>"; };
		C31E2E1E1C21E5DC0043D593 /* ViewController.h */ = {isa = PBXFileReference; lastKnownFileType = sourcecode.c.h; path = ViewController.h; sourceTree = "<group>"; };
		C31E2E1F1C21E5DC0043D593 /* ViewController.m */ = {isa = PBXFileReference; lastKnownFileType = sourcecode.c.objc; path = ViewController.m; sourceTree = "<group>"; };
		C31E2E221C21E5DC0043D593 /* Base */ = {isa = PBXFileReference; lastKnownFileType = file.storyboard; name = Base; path = Base.lproj/Main.storyboard; sourceTree = "<group>"; };
		C31E2E241C21E5DC0043D593 /* Assets.xcassets */ = {isa = PBXFileReference; lastKnownFileType = folder.assetcatalog; path = Assets.xcassets; sourceTree = "<group>"; };
		C31E2E271C21E5DC0043D593 /* Base */ = {isa = PBXFileReference; lastKnownFileType = file.storyboard; name = Base; path = Base.lproj/LaunchScreen.storyboard; sourceTree = "<group>"; };
		C31E2E291C21E5DC0043D593 /* Info.plist */ = {isa = PBXFileReference; lastKnownFileType = text.plist.xml; path = Info.plist; sourceTree = "<group>"; };
		C31E2E2F1C21E7020043D593 /* CERangeSlider.h */ = {isa = PBXFileReference; fileEncoding = 4; lastKnownFileType = sourcecode.c.h; path = CERangeSlider.h; sourceTree = SOURCE_ROOT; };
		C31E2E301C21E7020043D593 /* CERangeSlider.m */ = {isa = PBXFileReference; fileEncoding = 4; lastKnownFileType = sourcecode.c.objc; path = CERangeSlider.m; sourceTree = SOURCE_ROOT; };
		C31E2E321C21ECAB0043D593 /* QuartzCore.framework */ = {isa = PBXFileReference; lastKnownFileType = wrapper.framework; name = QuartzCore.framework; path = System/Library/Frameworks/QuartzCore.framework; sourceTree = SDKROOT; };
		C31E2E341C21F2AA0043D593 /* CERangeSliderKnobLayer.h */ = {isa = PBXFileReference; fileEncoding = 4; lastKnownFileType = sourcecode.c.h; path = CERangeSliderKnobLayer.h; sourceTree = "<group>"; };
		C31E2E351C21F2AA0043D593 /* CERangeSliderKnobLayer.m */ = {isa = PBXFileReference; fileEncoding = 4; lastKnownFileType = sourcecode.c.objc; path = CERangeSliderKnobLayer.m; sourceTree = "<group>"; };
		C31E2E5D1C2201280043D593 /* CERangeSliderTrackLayer.h */ = {isa = PBXFileReference; fileEncoding = 4; lastKnownFileType = sourcecode.c.h; path = CERangeSliderTrackLayer.h; sourceTree = "<group>"; };
		C31E2E5E1C2201280043D593 /* CERangeSliderTrackLayer.m */ = {isa = PBXFileReference; fileEncoding = 4; lastKnownFileType = sourcecode.c.objc; path = CERangeSliderTrackLayer.m; sourceTree = "<group>"; };
		C31E2E691C2272FC0043D593 /* UIKit.framework */ = {isa = PBXFileReference; lastKnownFileType = wrapper.framework; name = UIKit.framework; path = System/Library/Frameworks/UIKit.framework; sourceTree = SDKROOT; };
		C31E2E6B1C2273720043D593 /* TextFieldEffects.h */ = {isa = PBXFileReference; fileEncoding = 4; lastKnownFileType = sourcecode.c.h; path = TextFieldEffects.h; sourceTree = "<group>"; };
		C31E2E6C1C2273720043D593 /* TextFieldEffects.m */ = {isa = PBXFileReference; fileEncoding = 4; lastKnownFileType = sourcecode.c.objc; path = TextFieldEffects.m; sourceTree = "<group>"; };
		C31E2E711C22B0130043D593 /* JiraTextField.h */ = {isa = PBXFileReference; fileEncoding = 4; lastKnownFileType = sourcecode.c.h; path = JiraTextField.h; sourceTree = "<group>"; };
		C31E2E721C22B0130043D593 /* JiraTextField.m */ = {isa = PBXFileReference; fileEncoding = 4; lastKnownFileType = sourcecode.c.objc; path = JiraTextField.m; sourceTree = "<group>"; };
		C370539A1C2417C70004ECCC /* YoshikoTextField.h */ = {isa = PBXFileReference; fileEncoding = 4; lastKnownFileType = sourcecode.c.h; path = YoshikoTextField.h; sourceTree = "<group>"; };
		C370539B1C2417C70004ECCC /* YoshikoTextField.m */ = {isa = PBXFileReference; fileEncoding = 4; lastKnownFileType = sourcecode.c.objc; path = YoshikoTextField.m; sourceTree = "<group>"; };
/* End PBXFileReference section */

/* Begin PBXFrameworksBuildPhase section */
		C31E2E121C21E5DC0043D593 /* Frameworks */ = {
			isa = PBXFrameworksBuildPhase;
			buildActionMask = 2147483647;
			files = (
				C31E2E6A1C2272FC0043D593 /* UIKit.framework in Frameworks */,
				C31E2E331C21ECAB0043D593 /* QuartzCore.framework in Frameworks */,
			);
			runOnlyForDeploymentPostprocessing = 0;
		};
/* End PBXFrameworksBuildPhase section */

/* Begin PBXGroup section */
		C31E2E0C1C21E5DC0043D593 = {
			isa = PBXGroup;
			children = (
				C31E2E691C2272FC0043D593 /* UIKit.framework */,
				C31E2E321C21ECAB0043D593 /* QuartzCore.framework */,
				C31E2E171C21E5DC0043D593 /* CERangeSlider */,
				C31E2E161C21E5DC0043D593 /* Products */,
			);
			sourceTree = "<group>";
		};
		C31E2E161C21E5DC0043D593 /* Products */ = {
			isa = PBXGroup;
			children = (
				C31E2E151C21E5DC0043D593 /* CERangeSlider.app */,
			);
			name = Products;
			sourceTree = "<group>";
		};
		C31E2E171C21E5DC0043D593 /* CERangeSlider */ = {
			isa = PBXGroup;
			children = (
				C31E2E2F1C21E7020043D593 /* CERangeSlider.h */,
				C31E2E301C21E7020043D593 /* CERangeSlider.m */,
				C31E2E341C21F2AA0043D593 /* CERangeSliderKnobLayer.h */,
				C31E2E351C21F2AA0043D593 /* CERangeSliderKnobLayer.m */,
				C31E2E1B1C21E5DC0043D593 /* AppDelegate.h */,
				C31E2E1C1C21E5DC0043D593 /* AppDelegate.m */,
				C31E2E1E1C21E5DC0043D593 /* ViewController.h */,
				C31E2E1F1C21E5DC0043D593 /* ViewController.m */,
				C31E2E211C21E5DC0043D593 /* Main.storyboard */,
				C31E2E241C21E5DC0043D593 /* Assets.xcassets */,
				C31E2E261C21E5DC0043D593 /* LaunchScreen.storyboard */,
				C31E2E291C21E5DC0043D593 /* Info.plist */,
				C31E2E181C21E5DC0043D593 /* Supporting Files */,
				C31E2E5D1C2201280043D593 /* CERangeSliderTrackLayer.h */,
				C31E2E5E1C2201280043D593 /* CERangeSliderTrackLayer.m */,
				C31E2E6B1C2273720043D593 /* TextFieldEffects.h */,
				C31E2E6C1C2273720043D593 /* TextFieldEffects.m */,
				C31E2E711C22B0130043D593 /* JiraTextField.h */,
				C31E2E721C22B0130043D593 /* JiraTextField.m */,
				C370539A1C2417C70004ECCC /* YoshikoTextField.h */,
				C370539B1C2417C70004ECCC /* YoshikoTextField.m */,
			);
			path = CERangeSlider;
			sourceTree = "<group>";
		};
		C31E2E181C21E5DC0043D593 /* Supporting Files */ = {
			isa = PBXGroup;
			children = (
				C31E2E191C21E5DC0043D593 /* main.m */,
			);
			name = "Supporting Files";
			sourceTree = "<group>";
		};
/* End PBXGroup section */

/* Begin PBXNativeTarget section */
		C31E2E141C21E5DC0043D593 /* CERangeSlider */ = {
			isa = PBXNativeTarget;
			buildConfigurationList = C31E2E2C1C21E5DD0043D593 /* Build configuration list for PBXNativeTarget "CERangeSlider" */;
			buildPhases = (
				C31E2E111C21E5DC0043D593 /* Sources */,
				C31E2E121C21E5DC0043D593 /* Frameworks */,
				C31E2E131C21E5DC0043D593 /* Resources */,
			);
			buildRules = (
			);
			dependencies = (
			);
			name = CERangeSlider;
			productName = CERangeSlider;
			productReference = C31E2E151C21E5DC0043D593 /* CERangeSlider.app */;
			productType = "com.apple.product-type.application";
		};
/* End PBXNativeTarget section */

/* Begin PBXProject section */
		C31E2E0D1C21E5DC0043D593 /* Project object */ = {
			isa = PBXProject;
			attributes = {
				LastUpgradeCheck = 0720;
				ORGANIZATIONNAME = "Majid Hatami Aghdam";
				TargetAttributes = {
					C31E2E141C21E5DC0043D593 = {
						CreatedOnToolsVersion = 7.2;
					};
				};
			};
			buildConfigurationList = C31E2E101C21E5DC0043D593 /* Build configuration list for PBXProject "CERangeSlider" */;
			compatibilityVersion = "Xcode 3.2";
			developmentRegion = English;
			hasScannedForEncodings = 0;
			knownRegions = (
				en,
				Base,
			);
			mainGroup = C31E2E0C1C21E5DC0043D593;
			productRefGroup = C31E2E161C21E5DC0043D593 /* Products */;
			projectDirPath = "";
			projectRoot = "";
			targets = (
				C31E2E141C21E5DC0043D593 /* CERangeSlider */,
			);
		};
/* End PBXProject section */

/* Begin PBXResourcesBuildPhase section */
		C31E2E131C21E5DC0043D593 /* Resources */ = {
			isa = PBXResourcesBuildPhase;
			buildActionMask = 2147483647;
			files = (
				C31E2E281C21E5DC0043D593 /* LaunchScreen.storyboard in Resources */,
				C31E2E251C21E5DC0043D593 /* Assets.xcassets in Resources */,
				C31E2E231C21E5DC0043D593 /* Main.storyboard in Resources */,
			);
			runOnlyForDeploymentPostprocessing = 0;
		};
/* End PBXResourcesBuildPhase section */

/* Begin PBXSourcesBuildPhase section */
		C31E2E111C21E5DC0043D593 /* Sources */ = {
			isa = PBXSourcesBuildPhase;
			buildActionMask = 2147483647;
			files = (
				C31E2E201C21E5DC0043D593 /* ViewController.m in Sources */,
				C31E2E731C22B0130043D593 /* JiraTextField.m in Sources */,
				C370539C1C2417C70004ECCC /* YoshikoTextField.m in Sources */,
				C31E2E1D1C21E5DC0043D593 /* AppDelegate.m in Sources */,
				C31E2E5F1C2201280043D593 /* CERangeSliderTrackLayer.m in Sources */,
				C31E2E361C21F2AA0043D593 /* CERangeSliderKnobLayer.m in Sources */,
				C31E2E311C21E7020043D593 /* CERangeSlider.m in Sources */,
				C31E2E1A1C21E5DC0043D593 /* main.m in Sources */,
				C31E2E6D1C2273720043D593 /* TextFieldEffects.m in Sources */,
			);
			runOnlyForDeploymentPostprocessing = 0;
		};
/* End PBXSourcesBuildPhase section */

/* Begin PBXVariantGroup section */
		C31E2E211C21E5DC0043D593 /* Main.storyboard */ = {
			isa = PBXVariantGroup;
			children = (
				C31E2E221C21E5DC0043D593 /* Base */,
			);
			name = Main.storyboard;
			sourceTree = "<group>";
		};
		C31E2E261C21E5DC0043D593 /* LaunchScreen.storyboard */ = {
			isa = PBXVariantGroup;
			children = (
				C31E2E271C21E5DC0043D593 /* Base */,
			);
			name = LaunchScreen.storyboard;
			sourceTree = "<group>";
		};
/* End PBXVariantGroup section */

/* Begin XCBuildConfiguration section */
		C31E2E2A1C21E5DD0043D593 /* Debug */ = {
			isa = XCBuildConfiguration;
			buildSettings = {
				ALWAYS_SEARCH_USER_PATHS = NO;
				CLANG_CXX_LANGUAGE_STANDARD = "gnu++0x";
				CLANG_CXX_LIBRARY = "libc++";
				CLANG_ENABLE_MODULES = YES;
				CLANG_ENABLE_OBJC_ARC = YES;
				CLANG_WARN_BOOL_CONVERSION = YES;
				CLANG_WARN_CONSTANT_CONVERSION = YES;
				CLANG_WARN_DIRECT_OBJC_ISA_USAGE = YES_ERROR;
				CLANG_WARN_EMPTY_BODY = YES;
				CLANG_WARN_ENUM_CONVERSION = YES;
				CLANG_WARN_INT_CONVERSION = YES;
				CLANG_WARN_OBJC_ROOT_CLASS = YES_ERROR;
				CLANG_WARN_UNREACHABLE_CODE = YES;
				CLANG_WARN__DUPLICATE_METHOD_MATCH = YES;
				"CODE_SIGN_IDENTITY[sdk=iphoneos*]" = "iPhone Developer";
				COPY_PHASE_STRIP = NO;
				DEBUG_INFORMATION_FORMAT = dwarf;
				ENABLE_STRICT_OBJC_MSGSEND = YES;
				ENABLE_TESTABILITY = YES;
				GCC_C_LANGUAGE_STANDARD = gnu99;
				GCC_DYNAMIC_NO_PIC = NO;
				GCC_NO_COMMON_BLOCKS = YES;
				GCC_OPTIMIZATION_LEVEL = 0;
				GCC_PREPROCESSOR_DEFINITIONS = (
					"DEBUG=1",
					"$(inherited)",
				);
				GCC_WARN_64_TO_32_BIT_CONVERSION = YES;
				GCC_WARN_ABOUT_RETURN_TYPE = YES_ERROR;
				GCC_WARN_UNDECLARED_SELECTOR = YES;
				GCC_WARN_UNINITIALIZED_AUTOS = YES_AGGRESSIVE;
				GCC_WARN_UNUSED_FUNCTION = YES;
				GCC_WARN_UNUSED_VARIABLE = YES;
				IPHONEOS_DEPLOYMENT_TARGET = 9.2;
				MTL_ENABLE_DEBUG_INFO = YES;
				ONLY_ACTIVE_ARCH = YES;
				SDKROOT = iphoneos;
			};
			name = Debug;
		};
		C31E2E2B1C21E5DD0043D593 /* Release */ = {
			isa = XCBuildConfiguration;
			buildSettings = {
				ALWAYS_SEARCH_USER_PATHS = NO;
				CLANG_CXX_LANGUAGE_STANDARD = "gnu++0x";
				CLANG_CXX_LIBRARY = "libc++";
				CLANG_ENABLE_MODULES = YES;
				CLANG_ENABLE_OBJC_ARC = YES;
				CLANG_WARN_BOOL_CONVERSION = YES;
				CLANG_WARN_CONSTANT_CONVERSION = YES;
				CLANG_WARN_DIRECT_OBJC_ISA_USAGE = YES_ERROR;
				CLANG_WARN_EMPTY_BODY = YES;
				CLANG_WARN_ENUM_CONVERSION = YES;
				CLANG_WARN_INT_CONVERSION = YES;
				CLANG_WARN_OBJC_ROOT_CLASS = YES_ERROR;
				CLANG_WARN_UNREACHABLE_CODE = YES;
				CLANG_WARN__DUPLICATE_METHOD_MATCH = YES;
				"CODE_SIGN_IDENTITY[sdk=iphoneos*]" = "iPhone Developer";
				COPY_PHASE_STRIP = NO;
				DEBUG_INFORMATION_FORMAT = "dwarf-with-dsym";
				ENABLE_NS_ASSERTIONS = NO;
				ENABLE_STRICT_OBJC_MSGSEND = YES;
				GCC_C_LANGUAGE_STANDARD = gnu99;
				GCC_NO_COMMON_BLOCKS = YES;
				GCC_WARN_64_TO_32_BIT_CONVERSION = YES;
				GCC_WARN_ABOUT_RETURN_TYPE = YES_ERROR;
				GCC_WARN_UNDECLARED_SELECTOR = YES;
				GCC_WARN_UNINITIALIZED_AUTOS = YES_AGGRESSIVE;
				GCC_WARN_UNUSED_FUNCTION = YES;
				GCC_WARN_UNUSED_VARIABLE = YES;
				IPHONEOS_DEPLOYMENT_TARGET = 9.2;
				MTL_ENABLE_DEBUG_INFO = NO;
				SDKROOT = iphoneos;
				VALIDATE_PRODUCT = YES;
			};
			name = Release;
		};
		C31E2E2D1C21E5DD0043D593 /* Debug */ = {
			isa = XCBuildConfiguration;
			buildSettings = {
				ASSETCATALOG_COMPILER_APPICON_NAME = AppIcon;
				FRAMEWORK_SEARCH_PATHS = (
					"$(inherited)",
					"$(PROJECT_DIR)",
				);
				INFOPLIST_FILE = CERangeSlider/Info.plist;
				IPHONEOS_DEPLOYMENT_TARGET = 8.0;
				LD_RUNPATH_SEARCH_PATHS = "$(inherited) @executable_path/Frameworks";
				ONLY_ACTIVE_ARCH = YES;
				PRODUCT_BUNDLE_IDENTIFIER = com.mygix.CERangeSlider;
				PRODUCT_NAME = "$(TARGET_NAME)";
			};
			name = Debug;
		};
		C31E2E2E1C21E5DD0043D593 /* Release */ = {
			isa = XCBuildConfiguration;
			buildSettings = {
				ASSETCATALOG_COMPILER_APPICON_NAME = AppIcon;
				FRAMEWORK_SEARCH_PATHS = (
					"$(inherited)",
					"$(PROJECT_DIR)",
				);
				INFOPLIST_FILE = CERangeSlider/Info.plist;
				IPHONEOS_DEPLOYMENT_TARGET = 8.0;
				LD_RUNPATH_SEARCH_PATHS = "$(inherited) @executable_path/Frameworks";
				ONLY_ACTIVE_ARCH = NO;
				PRODUCT_BUNDLE_IDENTIFIER = com.mygix.CERangeSlider;
				PRODUCT_NAME = "$(TARGET_NAME)";
			};
			name = Release;
		};
/* End XCBuildConfiguration section */

/* Begin XCConfigurationList section */
		C31E2E101C21E5DC0043D593 /* Build configuration list for PBXProject "CERangeSlider" */ = {
			isa = XCConfigurationList;
			buildConfigurations = (
				C31E2E2A1C21E5DD0043D593 /* Debug */,
				C31E2E2B1C21E5DD0043D593 /* Release */,
			);
			defaultConfigurationIsVisible = 0;
			defaultConfigurationName = Release;
		};
		C31E2E2C1C21E5DD0043D593 /* Build configuration list for PBXNativeTarget "CERangeSlider" */ = {
			isa = XCConfigurationList;
			buildConfigurations = (
				C31E2E2D1C21E5DD0043D593 /* Debug */,
				C31E2E2E1C21E5DD0043D593 /* Release */,
			);
			defaultConfigurationIsVisible = 0;
			defaultConfigurationName = Release;
		};
/* End XCConfigurationList section */
	};
	rootObject = C31E2E0D1C21E5DC0043D593 /* Project object */;
}
